// !$*UTF8*$!
{
	archiveVersion = 1;
	classes = {
	};
	objectVersion = 50;
	objects = {

/* Begin PBXBuildFile section */
		4F3517E821A3C38100780280 /* FooObject.m in Sources */ = {isa = PBXBuildFile; fileRef = 4F3517E721A3C38100780280 /* FooObject.m */; };
		4FCD3ECF219344AC00D4E72A /* AppDelegate.m in Sources */ = {isa = PBXBuildFile; fileRef = 4FCD3ECE219344AC00D4E72A /* AppDelegate.m */; };
		4FCD3ED2219344AC00D4E72A /* ViewController.m in Sources */ = {isa = PBXBuildFile; fileRef = 4FCD3ED1219344AC00D4E72A /* ViewController.m */; };
		4FCD3ED5219344AC00D4E72A /* Main.storyboard in Resources */ = {isa = PBXBuildFile; fileRef = 4FCD3ED3219344AC00D4E72A /* Main.storyboard */; };
		4FCD3ED7219344AD00D4E72A /* Assets.xcassets in Resources */ = {isa = PBXBuildFile; fileRef = 4FCD3ED6219344AD00D4E72A /* Assets.xcassets */; };
		4FCD3EDA219344AD00D4E72A /* LaunchScreen.storyboard in Resources */ = {isa = PBXBuildFile; fileRef = 4FCD3ED8219344AD00D4E72A /* LaunchScreen.storyboard */; };
		4FCD3EDD219344AD00D4E72A /* main.m in Sources */ = {isa = PBXBuildFile; fileRef = 4FCD3EDC219344AD00D4E72A /* main.m */; };
/* End PBXBuildFile section */

/* Begin PBXFileReference section */
		4F3517E621A3C38100780280 /* FooObject.h */ = {isa = PBXFileReference; lastKnownFileType = sourcecode.c.h; path = FooObject.h; sourceTree = "<group>"; };
		4F3517E721A3C38100780280 /* FooObject.m */ = {isa = PBXFileReference; lastKnownFileType = sourcecode.c.objc; path = FooObject.m; sourceTree = "<group>"; };
		4FCD3ECA219344AC00D4E72A /* NSInvocationDemo.app */ = {isa = PBXFileReference; explicitFileType = wrapper.application; includeInIndex = 0; path = NSInvocationDemo.app; sourceTree = BUILT_PRODUCTS_DIR; };
		4FCD3ECD219344AC00D4E72A /* AppDelegate.h */ = {isa = PBXFileReference; lastKnownFileType = sourcecode.c.h; path = AppDelegate.h; sourceTree = "<group>"; };
		4FCD3ECE219344AC00D4E72A /* AppDelegate.m */ = {isa = PBXFileReference; lastKnownFileType = sourcecode.c.objc; path = AppDelegate.m; sourceTree = "<group>"; };
		4FCD3ED0219344AC00D4E72A /* ViewController.h */ = {isa = PBXFileReference; lastKnownFileType = sourcecode.c.h; path = ViewController.h; sourceTree = "<group>"; };
		4FCD3ED1219344AC00D4E72A /* ViewController.m */ = {isa = PBXFileReference; lastKnownFileType = sourcecode.c.objc; path = ViewController.m; sourceTree = "<group>"; };
		4FCD3ED4219344AC00D4E72A /* Base */ = {isa = PBXFileReference; lastKnownFileType = file.storyboard; name = Base; path = Base.lproj/Main.storyboard; sourceTree = "<group>"; };
		4FCD3ED6219344AD00D4E72A /* Assets.xcassets */ = {isa = PBXFileReference; lastKnownFileType = folder.assetcatalog; path = Assets.xcassets; sourceTree = "<group>"; };
		4FCD3ED9219344AD00D4E72A /* Base */ = {isa = PBXFileReference; lastKnownFileType = file.storyboard; name = Base; path = Base.lproj/LaunchScreen.storyboard; sourceTree = "<group>"; };
		4FCD3EDB219344AD00D4E72A /* Info.plist */ = {isa = PBXFileReference; lastKnownFileType = text.plist.xml; path = Info.plist; sourceTree = "<group>"; };
		4FCD3EDC219344AD00D4E72A /* main.m */ = {isa = PBXFileReference; lastKnownFileType = sourcecode.c.objc; path = main.m; sourceTree = "<group>"; };
/* End PBXFileReference section */

/* Begin PBXFrameworksBuildPhase section */
		4FCD3EC7219344AC00D4E72A /* Frameworks */ = {
			isa = PBXFrameworksBuildPhase;
			buildActionMask = 2147483647;
			files = (
			);
			runOnlyForDeploymentPostprocessing = 0;
		};
/* End PBXFrameworksBuildPhase section */

/* Begin PBXGroup section */
		4FCD3EC1219344AC00D4E72A = {
			isa = PBXGroup;
			children = (
				4FCD3ECC219344AC00D4E72A /* NSInvocationDemo */,
				4FCD3ECB219344AC00D4E72A /* Products */,
			);
			sourceTree = "<group>";
		};
		4FCD3ECB219344AC00D4E72A /* Products */ = {
			isa = PBXGroup;
			children = (
				4FCD3ECA219344AC00D4E72A /* NSInvocationDemo.app */,
			);
			name = Products;
			sourceTree = "<group>";
		};
		4FCD3ECC219344AC00D4E72A /* NSInvocationDemo */ = {
			isa = PBXGroup;
			children = (
				4FCD3ECD219344AC00D4E72A /* AppDelegate.h */,
				4FCD3ECE219344AC00D4E72A /* AppDelegate.m */,
				4FCD3ED0219344AC00D4E72A /* ViewController.h */,
				4FCD3ED1219344AC00D4E72A /* ViewController.m */,
				4FCD3ED3219344AC00D4E72A /* Main.storyboard */,
				4FCD3ED6219344AD00D4E72A /* Assets.xcassets */,
				4FCD3ED8219344AD00D4E72A /* LaunchScreen.storyboard */,
				4FCD3EDB219344AD00D4E72A /* Info.plist */,
				4FCD3EDC219344AD00D4E72A /* main.m */,
				4F3517E621A3C38100780280 /* FooObject.h */,
				4F3517E721A3C38100780280 /* FooObject.m */,
			);
			path = NSInvocationDemo;
			sourceTree = "<group>";
		};
/* End PBXGroup section */

/* Begin PBXNativeTarget section */
		4FCD3EC9219344AC00D4E72A /* NSInvocationDemo */ = {
			isa = PBXNativeTarget;
			buildConfigurationList = 4FCD3EE0219344AD00D4E72A /* Build configuration list for PBXNativeTarget "NSInvocationDemo" */;
			buildPhases = (
				4FCD3EC6219344AC00D4E72A /* Sources */,
				4FCD3EC7219344AC00D4E72A /* Frameworks */,
				4FCD3EC8219344AC00D4E72A /* Resources */,
			);
			buildRules = (
			);
			dependencies = (
			);
			name = NSInvocationDemo;
			productName = NSInvocationDemo;
			productReference = 4FCD3ECA219344AC00D4E72A /* NSInvocationDemo.app */;
			productType = "com.apple.product-type.application";
		};
/* End PBXNativeTarget section */

/* Begin PBXProject section */
		4FCD3EC2219344AC00D4E72A /* Project object */ = {
			isa = PBXProject;
			attributes = {
				LastUpgradeCheck = 1010;
				ORGANIZATIONNAME = NIO;
				TargetAttributes = {
					4FCD3EC9219344AC00D4E72A = {
						CreatedOnToolsVersion = 10.1;
					};
				};
			};
			buildConfigurationList = 4FCD3EC5219344AC00D4E72A /* Build configuration list for PBXProject "NSInvocationDemo" */;
			compatibilityVersion = "Xcode 9.3";
			developmentRegion = en;
			hasScannedForEncodings = 0;
			knownRegions = (
				en,
				Base,
			);
			mainGroup = 4FCD3EC1219344AC00D4E72A;
			productRefGroup = 4FCD3ECB219344AC00D4E72A /* Products */;
			projectDirPath = "";
			projectRoot = "";
			targets = (
				4FCD3EC9219344AC00D4E72A /* NSInvocationDemo */,
			);
		};
/* End PBXProject section */

/* Begin PBXResourcesBuildPhase section */
		4FCD3EC8219344AC00D4E72A /* Resources */ = {
			isa = PBXResourcesBuildPhase;
			buildActionMask = 2147483647;
			files = (
				4FCD3EDA219344AD00D4E72A /* LaunchScreen.storyboard in Resources */,
				4FCD3ED7219344AD00D4E72A /* Assets.xcassets in Resources */,
				4FCD3ED5219344AC00D4E72A /* Main.storyboard in Resources */,
			);
			runOnlyForDeploymentPostprocessing = 0;
		};
/* End PBXResourcesBuildPhase section */

/* Begin PBXSourcesBuildPhase section */
		4FCD3EC6219344AC00D4E72A /* Sources */ = {
			isa = PBXSourcesBuildPhase;
			buildActionMask = 2147483647;
			files = (
				4FCD3ED2219344AC00D4E72A /* ViewController.m in Sources */,
				4F3517E821A3C38100780280 /* FooObject.m in Sources */,
				4FCD3EDD219344AD00D4E72A /* main.m in Sources */,
				4FCD3ECF219344AC00D4E72A /* AppDelegate.m in Sources */,
			);
			runOnlyForDeploymentPostprocessing = 0;
		};
/* End PBXSourcesBuildPhase section */

/* Begin PBXVariantGroup section */
		4FCD3ED3219344AC00D4E72A /* Main.storyboard */ = {
			isa = PBXVariantGroup;
			children = (
				4FCD3ED4219344AC00D4E72A /* Base */,
			);
			name = Main.storyboard;
			sourceTree = "<group>";
		};
		4FCD3ED8219344AD00D4E72A /* LaunchScreen.storyboard */ = {
			isa = PBXVariantGroup;
			children = (
				4FCD3ED9219344AD00D4E72A /* Base */,
			);
			name = LaunchScreen.storyboard;
			sourceTree = "<group>";
		};
/* End PBXVariantGroup section */

/* Begin XCBuildConfiguration section */
		4FCD3EDE219344AD00D4E72A /* Debug */ = {
			isa = XCBuildConfiguration;
			buildSettings = {
				ALWAYS_SEARCH_USER_PATHS = NO;
				CLANG_ANALYZER_NONNULL = YES;
				CLANG_ANALYZER_NUMBER_OBJECT_CONVERSION = YES_AGGRESSIVE;
				CLANG_CXX_LANGUAGE_STANDARD = "gnu++14";
				CLANG_CXX_LIBRARY = "libc++";
				CLANG_ENABLE_MODULES = YES;
				CLANG_ENABLE_OBJC_ARC = YES;
				CLANG_ENABLE_OBJC_WEAK = YES;
				CLANG_WARN_BLOCK_CAPTURE_AUTORELEASING = YES;
				CLANG_WARN_BOOL_CONVERSION = YES;
				CLANG_WARN_COMMA = YES;
				CLANG_WARN_CONSTANT_CONVERSION = YES;
				CLANG_WARN_DEPRECATED_OBJC_IMPLEMENTATIONS = YES;
				CLANG_WARN_DIRECT_OBJC_ISA_USAGE = YES_ERROR;
				CLANG_WARN_DOCUMENTATION_COMMENTS = YES;
				CLANG_WARN_EMPTY_BODY = YES;
				CLANG_WARN_ENUM_CONVERSION = YES;
				CLANG_WARN_INFINITE_RECURSION = YES;
				CLANG_WARN_INT_CONVERSION = YES;
				CLANG_WARN_NON_LITERAL_NULL_CONVERSION = YES;
				CLANG_WARN_OBJC_IMPLICIT_RETAIN_SELF = YES;
				CLANG_WARN_OBJC_LITERAL_CONVERSION = YES;
				CLANG_WARN_OBJC_ROOT_CLASS = YES_ERROR;
				CLANG_WARN_RANGE_LOOP_ANALYSIS = YES;
				CLANG_WARN_STRICT_PROTOTYPES = YES;
				CLANG_WARN_SUSPICIOUS_MOVE = YES;
				CLANG_WARN_UNGUARDED_AVAILABILITY = YES_AGGRESSIVE;
				CLANG_WARN_UNREACHABLE_CODE = YES;
				CLANG_WARN__DUPLICATE_METHOD_MATCH = YES;
				CODE_SIGN_IDENTITY = "iPhone Developer";
				COPY_PHASE_STRIP = NO;
				DEBUG_INFORMATION_FORMAT = dwarf;
				ENABLE_STRICT_OBJC_MSGSEND = YES;
				ENABLE_TESTABILITY = YES;
				GCC_C_LANGUAGE_STANDARD = gnu11;
				GCC_DYNAMIC_NO_PIC = NO;
				GCC_NO_COMMON_BLOCKS = YES;
				GCC_OPTIMIZATION_LEVEL = 0;
				GCC_PREPROCESSOR_DEFINITIONS = (
					"DEBUG=1",
					"$(inherited)",
				);
				GCC_WARN_64_TO_32_BIT_CONVERSION = YES;
				GCC_WARN_ABOUT_RETURN_TYPE = YES_ERROR;
				GCC_WARN_UNDECLARED_SELECTOR = YES;
				GCC_WARN_UNINITIALIZED_AUTOS = YES_AGGRESSIVE;
				GCC_WARN_UNUSED_FUNCTION = YES;
				GCC_WARN_UNUSED_VARIABLE = YES;
				IPHONEOS_DEPLOYMENT_TARGET = 12.1;
				MTL_ENABLE_DEBUG_INFO = INCLUDE_SOURCE;
				MTL_FAST_MATH = YES;
				ONLY_ACTIVE_ARCH = YES;
				SDKROOT = iphoneos;
			};
			name = Debug;
		};
		4FCD3EDF219344AD00D4E72A /* Release */ = {
			isa = XCBuildConfiguration;
			buildSettings = {
				ALWAYS_SEARCH_USER_PATHS = NO;
				CLANG_ANALYZER_NONNULL = YES;
				CLANG_ANALYZER_NUMBER_OBJECT_CONVERSION = YES_AGGRESSIVE;
				CLANG_CXX_LANGUAGE_STANDARD = "gnu++14";
				CLANG_CXX_LIBRARY = "libc++";
				CLANG_ENABLE_MODULES = YES;
				CLANG_ENABLE_OBJC_ARC = YES;
				CLANG_ENABLE_OBJC_WEAK = YES;
				CLANG_WARN_BLOCK_CAPTURE_AUTORELEASING = YES;
				CLANG_WARN_BOOL_CONVERSION = YES;
				CLANG_WARN_COMMA = YES;
				CLANG_WARN_CONSTANT_CONVERSION = YES;
				CLANG_WARN_DEPRECATED_OBJC_IMPLEMENTATIONS = YES;
				CLANG_WARN_DIRECT_OBJC_ISA_USAGE = YES_ERROR;
				CLANG_WARN_DOCUMENTATION_COMMENTS = YES;
				CLANG_WARN_EMPTY_BODY = YES;
				CLANG_WARN_ENUM_CONVERSION = YES;
				CLANG_WARN_INFINITE_RECURSION = YES;
				CLANG_WARN_INT_CONVERSION = YES;
				CLANG_WARN_NON_LITERAL_NULL_CONVERSION = YES;
				CLANG_WARN_OBJC_IMPLICIT_RETAIN_SELF = YES;
				CLANG_WARN_OBJC_LITERAL_CONVERSION = YES;
				CLANG_WARN_OBJC_ROOT_CLASS = YES_ERROR;
				CLANG_WARN_RANGE_LOOP_ANALYSIS = YES;
				CLANG_WARN_STRICT_PROTOTYPES = YES;
				CLANG_WARN_SUSPICIOUS_MOVE = YES;
				CLANG_WARN_UNGUARDED_AVAILABILITY = YES_AGGRESSIVE;
				CLANG_WARN_UNREACHABLE_CODE = YES;
				CLANG_WARN__DUPLICATE_METHOD_MATCH = YES;
				CODE_SIGN_IDENTITY = "iPhone Developer";
				COPY_PHASE_STRIP = NO;
				DEBUG_INFORMATION_FORMAT = "dwarf-with-dsym";
				ENABLE_NS_ASSERTIONS = NO;
				ENABLE_STRICT_OBJC_MSGSEND = YES;
				GCC_C_LANGUAGE_STANDARD = gnu11;
				GCC_NO_COMMON_BLOCKS = YES;
				GCC_WARN_64_TO_32_BIT_CONVERSION = YES;
				GCC_WARN_ABOUT_RETURN_TYPE = YES_ERROR;
				GCC_WARN_UNDECLARED_SELECTOR = YES;
				GCC_WARN_UNINITIALIZED_AUTOS = YES_AGGRESSIVE;
				GCC_WARN_UNUSED_FUNCTION = YES;
				GCC_WARN_UNUSED_VARIABLE = YES;
				IPHONEOS_DEPLOYMENT_TARGET = 12.1;
				MTL_ENABLE_DEBUG_INFO = NO;
				MTL_FAST_MATH = YES;
				SDKROOT = iphoneos;
				VALIDATE_PRODUCT = YES;
			};
			name = Release;
		};
		4FCD3EE1219344AD00D4E72A /* Debug */ = {
			isa = XCBuildConfiguration;
			buildSettings = {
				ASSETCATALOG_COMPILER_APPICON_NAME = AppIcon;
				CODE_SIGN_STYLE = Automatic;
				DEVELOPMENT_TEAM = N9W54366BJ;
				INFOPLIST_FILE = NSInvocationDemo/Info.plist;
				LD_RUNPATH_SEARCH_PATHS = (
					"$(inherited)",
					"@executable_path/Frameworks",
				);
				PRODUCT_BUNDLE_IDENTIFIER = "com.NIO-Laboratory.www.NSInvocationDemo";
				PRODUCT_NAME = "$(TARGET_NAME)";
				TARGETED_DEVICE_FAMILY = "1,2";
			};
			name = Debug;
		};
		4FCD3EE2219344AD00D4E72A /* Release */ = {
			isa = XCBuildConfiguration;
			buildSettings = {
				ASSETCATALOG_COMPILER_APPICON_NAME = AppIcon;
				CODE_SIGN_STYLE = Automatic;
				DEVELOPMENT_TEAM = N9W54366BJ;
				INFOPLIST_FILE = NSInvocationDemo/Info.plist;
				LD_RUNPATH_SEARCH_PATHS = (
					"$(inherited)",
					"@executable_path/Frameworks",
				);
				PRODUCT_BUNDLE_IDENTIFIER = "com.NIO-Laboratory.www.NSInvocationDemo";
				PRODUCT_NAME = "$(TARGET_NAME)";
				TARGETED_DEVICE_FAMILY = "1,2";
			};
			name = Release;
		};
/* End XCBuildConfiguration section */

/* Begin XCConfigurationList section */
		4FCD3EC5219344AC00D4E72A /* Build configuration list for PBXProject "NSInvocationDemo" */ = {
			isa = XCConfigurationList;
			buildConfigurations = (
				4FCD3EDE219344AD00D4E72A /* Debug */,
				4FCD3EDF219344AD00D4E72A /* Release */,
			);
			defaultConfigurationIsVisible = 0;
			defaultConfigurationName = Release;
		};
		4FCD3EE0219344AD00D4E72A /* Build configuration list for PBXNativeTarget "NSInvocationDemo" */ = {
			isa = XCConfigurationList;
			buildConfigurations = (
				4FCD3EE1219344AD00D4E72A /* Debug */,
				4FCD3EE2219344AD00D4E72A /* Release */,
			);
			defaultConfigurationIsVisible = 0;
			defaultConfigurationName = Release;
		};
/* End XCConfigurationList section */
	};
	rootObject = 4FCD3EC2219344AC00D4E72A /* Project object */;
}
